{
    "_meta": {
        "hash": {
            "sha256": "138b2d762e54600893d1ae5343aab17b7e628500a474743685ba394b4ebefa1e"
        },
        "pipfile-spec": 6,
        "requires": {
            "python_version": "3.6"
        },
        "sources": [
            {
                "name": "pypi",
                "url": "https://pypi.python.org/simple",
                "verify_ssl": true
            }
        ]
    },
    "default": {
        "requirements": {
            "hashes": [
                "sha256:1502e63b3e1b13b4e045f0c490bcfa12503f9a15891901ef7cd1e2e66dd6cf37"
            ],
            "index": "pypi",
            "version": "==0.1"
        }
    },
    "develop": {}
}
